Microsoft Visual Studio Solution File, Format Version 12.00
# Visual Studio Version 17
VisualStudioVersion = 17.8.0.0
MinimumVisualStudioVersion = 17.8.0.0
Project("{9A19103F-16F7-4668-BE54-9A1E7A4F7556}") = "Template.AppHost", "Template.AppHost\Template.AppHost.csproj", "{BB125BBE-2BCB-401C-BDA6-AE2BDC4699CB}"
EndProject
Project("{9A19103F-16F7-4668-BE54-9A1E7A4F7556}") = "Template.ServiceDefaults", "Template.ServiceDefaults\Template.ServiceDefaults.csproj", "{2438979D-B0A3-4C44-A048-BCC86888FEC8}"
EndProject
Project("{9A19103F-16F7-4668-BE54-9A1E7A4F7556}") = "Template.ApiService", "Template.ApiService\Template.ApiService.csproj", "{8CE59144-B52C-4985-8692-6CCF689A7E46}"
EndProject
Project("{9A19103F-16F7-4668-BE54-9A1E7A4F7556}") = "Template.Web", "Template.Web\Template.Web.csproj", "{01F9EC58-7030-49EB-BB92-2AE067FA2E11}"
EndProject
Global
	GlobalSection(SolutionConfigurationPlatforms) = preSolution
		Debug|Any CPU = Debug|Any CPU
		Release|Any CPU = Release|Any CPU
	EndGlobalSection
	GlobalSection(ProjectConfigurationPlatforms) = postSolution
		{BB125BBE-2BCB-401C-BDA6-AE2BDC4699CB}.Debug|Any CPU.ActiveCfg = Debug|Any CPU
		{BB125BBE-2BCB-401C-BDA6-AE2BDC4699CB}.Debug|Any CPU.Build.0 = Debug|Any CPU
		{BB125BBE-2BCB-401C-BDA6-AE2BDC4699CB}.Release|Any CPU.ActiveCfg = Release|Any CPU
		{BB125BBE-2BCB-401C-BDA6-AE2BDC4699CB}.Release|Any CPU.Build.0 = Release|Any CPU
		{2438979D-B0A3-4C44-A048-BCC86888FEC8}.Debug|Any CPU.ActiveCfg = Debug|Any CPU
		{2438979D-B0A3-4C44-A048-BCC86888FEC8}.Debug|Any CPU.Build.0 = Debug|Any CPU
		{2438979D-B0A3-4C44-A048-BCC86888FEC8}.Release|Any CPU.ActiveCfg = Release|Any CPU
		{2438979D-B0A3-4C44-A048-BCC86888FEC8}.Release|Any CPU.Build.0 = Release|Any CPU
		{8CE59144-B52C-4985-8692-6CCF689A7E46}.Debug|Any CPU.ActiveCfg = Debug|Any CPU
		{8CE59144-B52C-4985-8692-6CCF689A7E46}.Debug|Any CPU.Build.0 = Debug|Any CPU
		{8CE59144-B52C-4985-8692-6CCF689A7E46}.Release|Any CPU.ActiveCfg = Release|Any CPU
		{8CE59144-B52C-4985-8692-6CCF689A7E46}.Release|Any CPU.Build.0 = Release|Any CPU
		{01F9EC58-7030-49EB-BB92-2AE067FA2E11}.Debug|Any CPU.ActiveCfg = Debug|Any CPU
		{01F9EC58-7030-49EB-BB92-2AE067FA2E11}.Debug|Any CPU.Build.0 = Debug|Any CPU
		{01F9EC58-7030-49EB-BB92-2AE067FA2E11}.Release|Any CPU.ActiveCfg = Release|Any CPU
		{01F9EC58-7030-49EB-BB92-2AE067FA2E11}.Release|Any CPU.Build.0 = Release|Any CPU
	EndGlobalSection
	GlobalSection(SolutionProperties) = preSolution
		HideSolutionNode = FALSE
	EndGlobalSection
	GlobalSection(ExtensibilityGlobals) = postSolution
		SolutionGuid = {8DB4350E-FCDC-4C01-83E0-FD71F3AAF469}
	EndGlobalSection
EndGlobal
